// !$*UTF8*$!
{
	archiveVersion = 1;
	classes = {
	};
	objectVersion = 46;
	objects = {

/* Begin PBXBuildFile section */
		F555A0EE1D2B3F300037A25F /* Foundation.framework in Frameworks */ = {isa = PBXBuildFile; fileRef = F555A0ED1D2B3F300037A25F /* Foundation.framework */; };
		F555A0F01D2B3F300037A25F /* CoreGraphics.framework in Frameworks */ = {isa = PBXBuildFile; fileRef = F555A0EF1D2B3F300037A25F /* CoreGraphics.framework */; };
		F555A0F21D2B3F300037A25F /* UIKit.framework in Frameworks */ = {isa = PBXBuildFile; fileRef = F555A0F11D2B3F300037A25F /* UIKit.framework */; };
		F555A0F81D2B3F300037A25F /* InfoPlist.strings in Resources */ = {isa = PBXBuildFile; fileRef = F555A0F61D2B3F300037A25F /* InfoPlist.strings */; };
		F555A0FA1D2B3F300037A25F /* main.m in Sources */ = {isa = PBXBuildFile; fileRef = F555A0F91D2B3F300037A25F /* main.m */; };
		F555A0FE1D2B3F300037A25F /* kernel1994AppDelegate.m in Sources */ = {isa = PBXBuildFile; fileRef = F555A0FD1D2B3F300037A25F /* kernel1994AppDelegate.m */; };
		F555A1001D2B3F300037A25F /* Images.xcassets in Resources */ = {isa = PBXBuildFile; fileRef = F555A0FF1D2B3F300037A25F /* Images.xcassets */; };
		F555A1071D2B3F300037A25F /* XCTest.framework in Frameworks */ = {isa = PBXBuildFile; fileRef = F555A1061D2B3F300037A25F /* XCTest.framework */; };
		F555A1081D2B3F300037A25F /* Foundation.framework in Frameworks */ = {isa = PBXBuildFile; fileRef = F555A0ED1D2B3F300037A25F /* Foundation.framework */; };
		F555A1091D2B3F300037A25F /* UIKit.framework in Frameworks */ = {isa = PBXBuildFile; fileRef = F555A0F11D2B3F300037A25F /* UIKit.framework */; };
		F555A1111D2B3F300037A25F /* InfoPlist.strings in Resources */ = {isa = PBXBuildFile; fileRef = F555A10F1D2B3F300037A25F /* InfoPlist.strings */; };
		F555A1131D2B3F300037A25F /* Day4_0Tests.m in Sources */ = {isa = PBXBuildFile; fileRef = F555A1121D2B3F300037A25F /* Day4_0Tests.m */; };
/* End PBXBuildFile section */

/* Begin PBXContainerItemProxy section */
		F555A10A1D2B3F300037A25F /* PBXContainerItemProxy */ = {
			isa = PBXContainerItemProxy;
			containerPortal = F555A0E21D2B3F300037A25F /* Project object */;
			proxyType = 1;
			remoteGlobalIDString = F555A0E91D2B3F300037A25F;
			remoteInfo = "Day4-0";
		};
/* End PBXContainerItemProxy section */

/* Begin PBXFileReference section */
		F555A0EA1D2B3F300037A25F /* Day4-0.app */ = {isa = PBXFileReference; explicitFileType = wrapper.application; includeInIndex = 0; path = "Day4-0.app"; sourceTree = BUILT_PRODUCTS_DIR; };
		F555A0ED1D2B3F300037A25F /* Foundation.framework */ = {isa = PBXFileReference; lastKnownFileType = wrapper.framework; name = Foundation.framework; path = System/Library/Frameworks/Foundation.framework; sourceTree = SDKROOT; };
		F555A0EF1D2B3F300037A25F /* CoreGraphics.framework */ = {isa = PBXFileReference; lastKnownFileType = wrapper.framework; name = CoreGraphics.framework; path = System/Library/Frameworks/CoreGraphics.framework; sourceTree = SDKROOT; };
		F555A0F11D2B3F300037A25F /* UIKit.framework */ = {isa = PBXFileReference; lastKnownFileType = wrapper.framework; name = UIKit.framework; path = System/Library/Frameworks/UIKit.framework; sourceTree = SDKROOT; };
		F555A0F51D2B3F300037A25F /* Day4-0-Info.plist */ = {isa = PBXFileReference; lastKnownFileType = text.plist.xml; path = "Day4-0-Info.plist"; sourceTree = "<group>"; };
		F555A0F71D2B3F300037A25F /* en */ = {isa = PBXFileReference; lastKnownFileType = text.plist.strings; name = en; path = en.lproj/InfoPlist.strings; sourceTree = "<group>"; };
		F555A0F91D2B3F300037A25F /* main.m */ = {isa = PBXFileReference; lastKnownFileType = sourcecode.c.objc; path = main.m; sourceTree = "<group>"; };
		F555A0FB1D2B3F300037A25F /* Day4-0-Prefix.pch */ = {isa = PBXFileReference; lastKnownFileType = sourcecode.c.h; path = "Day4-0-Prefix.pch"; sourceTree = "<group>"; };
		F555A0FC1D2B3F300037A25F /* kernel1994AppDelegate.h */ = {isa = PBXFileReference; lastKnownFileType = sourcecode.c.h; path = kernel1994AppDelegate.h; sourceTree = "<group>"; };
		F555A0FD1D2B3F300037A25F /* kernel1994AppDelegate.m */ = {isa = PBXFileReference; lastKnownFileType = sourcecode.c.objc; path = kernel1994AppDelegate.m; sourceTree = "<group>"; };
		F555A0FF1D2B3F300037A25F /* Images.xcassets */ = {isa = PBXFileReference; lastKnownFileType = folder.assetcatalog; path = Images.xcassets; sourceTree = "<group>"; };
		F555A1051D2B3F300037A25F /* Day4-0Tests.xctest */ = {isa = PBXFileReference; explicitFileType = wrapper.cfbundle; includeInIndex = 0; path = "Day4-0Tests.xctest"; sourceTree = BUILT_PRODUCTS_DIR; };
		F555A1061D2B3F300037A25F /* XCTest.framework */ = {isa = PBXFileReference; lastKnownFileType = wrapper.framework; name = XCTest.framework; path = Library/Frameworks/XCTest.framework; sourceTree = DEVELOPER_DIR; };
		F555A10E1D2B3F300037A25F /* Day4-0Tests-Info.plist */ = {isa = PBXFileReference; lastKnownFileType = text.plist.xml; path = "Day4-0Tests-Info.plist"; sourceTree = "<group>"; };
		F555A1101D2B3F300037A25F /* en */ = {isa = PBXFileReference; lastKnownFileType = text.plist.strings; name = en; path = en.lproj/InfoPlist.strings; sourceTree = "<group>"; };
		F555A1121D2B3F300037A25F /* Day4_0Tests.m */ = {isa = PBXFileReference; lastKnownFileType = sourcecode.c.objc; path = Day4_0Tests.m; sourceTree = "<group>"; };
/* End PBXFileReference section */

/* Begin PBXFrameworksBuildPhase section */
		F555A0E71D2B3F300037A25F /* Frameworks */ = {
			isa = PBXFrameworksBuildPhase;
			buildActionMask = 2147483647;
			files = (
				F555A0F01D2B3F300037A25F /* CoreGraphics.framework in Frameworks */,
				F555A0F21D2B3F300037A25F /* UIKit.framework in Frameworks */,
				F555A0EE1D2B3F300037A25F /* Foundation.framework in Frameworks */,
			);
			runOnlyForDeploymentPostprocessing = 0;
		};
		F555A1021D2B3F300037A25F /* Frameworks */ = {
			isa = PBXFrameworksBuildPhase;
			buildActionMask = 2147483647;
			files = (
				F555A1071D2B3F300037A25F /* XCTest.framework in Frameworks */,
				F555A1091D2B3F300037A25F /* UIKit.framework in Frameworks */,
				F555A1081D2B3F300037A25F /* Foundation.framework in Frameworks */,
			);
			runOnlyForDeploymentPostprocessing = 0;
		};
/* End PBXFrameworksBuildPhase section */

/* Begin PBXGroup section */
		F555A0E11D2B3F300037A25F = {
			isa = PBXGroup;
			children = (
				F555A0F31D2B3F300037A25F /* Day4-0 */,
				F555A10C1D2B3F300037A25F /* Day4-0Tests */,
				F555A0EC1D2B3F300037A25F /* Frameworks */,
				F555A0EB1D2B3F300037A25F /* Products */,
			);
			sourceTree = "<group>";
		};
		F555A0EB1D2B3F300037A25F /* Products */ = {
			isa = PBXGroup;
			children = (
				F555A0EA1D2B3F300037A25F /* Day4-0.app */,
				F555A1051D2B3F300037A25F /* Day4-0Tests.xctest */,
			);
			name = Products;
			sourceTree = "<group>";
		};
		F555A0EC1D2B3F300037A25F /* Frameworks */ = {
			isa = PBXGroup;
			children = (
				F555A0ED1D2B3F300037A25F /* Foundation.framework */,
				F555A0EF1D2B3F300037A25F /* CoreGraphics.framework */,
				F555A0F11D2B3F300037A25F /* UIKit.framework */,
				F555A1061D2B3F300037A25F /* XCTest.framework */,
			);
			name = Frameworks;
			sourceTree = "<group>";
		};
		F555A0F31D2B3F300037A25F /* Day4-0 */ = {
			isa = PBXGroup;
			children = (
				F555A0FC1D2B3F300037A25F /* kernel1994AppDelegate.h */,
				F555A0FD1D2B3F300037A25F /* kernel1994AppDelegate.m */,
				F555A0FF1D2B3F300037A25F /* Images.xcassets */,
				F555A0F41D2B3F300037A25F /* Supporting Files */,
			);
			path = "Day4-0";
			sourceTree = "<group>";
		};
		F555A0F41D2B3F300037A25F /* Supporting Files */ = {
			isa = PBXGroup;
			children = (
				F555A0F51D2B3F300037A25F /* Day4-0-Info.plist */,
				F555A0F61D2B3F300037A25F /* InfoPlist.strings */,
				F555A0F91D2B3F300037A25F /* main.m */,
				F555A0FB1D2B3F300037A25F /* Day4-0-Prefix.pch */,
			);
			name = "Supporting Files";
			sourceTree = "<group>";
		};
		F555A10C1D2B3F300037A25F /* Day4-0Tests */ = {
			isa = PBXGroup;
			children = (
				F555A1121D2B3F300037A25F /* Day4_0Tests.m */,
				F555A10D1D2B3F300037A25F /* Supporting Files */,
			);
			path = "Day4-0Tests";
			sourceTree = "<group>";
		};
		F555A10D1D2B3F300037A25F /* Supporting Files */ = {
			isa = PBXGroup;
			children = (
				F555A10E1D2B3F300037A25F /* Day4-0Tests-Info.plist */,
				F555A10F1D2B3F300037A25F /* InfoPlist.strings */,
			);
			name = "Supporting Files";
			sourceTree = "<group>";
		};
/* End PBXGroup section */

/* Begin PBXNativeTarget section */
		F555A0E91D2B3F300037A25F /* Day4-0 */ = {
			isa = PBXNativeTarget;
			buildConfigurationList = F555A1161D2B3F300037A25F /* Build configuration list for PBXNativeTarget "Day4-0" */;
			buildPhases = (
				F555A0E61D2B3F300037A25F /* Sources */,
				F555A0E71D2B3F300037A25F /* Frameworks */,
				F555A0E81D2B3F300037A25F /* Resources */,
			);
			buildRules = (
			);
			dependencies = (
			);
			name = "Day4-0";
			productName = "Day4-0";
			productReference = F555A0EA1D2B3F300037A25F /* Day4-0.app */;
			productType = "com.apple.product-type.application";
		};
		F555A1041D2B3F300037A25F /* Day4-0Tests */ = {
			isa = PBXNativeTarget;
			buildConfigurationList = F555A1191D2B3F300037A25F /* Build configuration list for PBXNativeTarget "Day4-0Tests" */;
			buildPhases = (
				F555A1011D2B3F300037A25F /* Sources */,
				F555A1021D2B3F300037A25F /* Frameworks */,
				F555A1031D2B3F300037A25F /* Resources */,
			);
			buildRules = (
			);
			dependencies = (
				F555A10B1D2B3F300037A25F /* PBXTargetDependency */,
			);
			name = "Day4-0Tests";
			productName = "Day4-0Tests";
			productReference = F555A1051D2B3F300037A25F /* Day4-0Tests.xctest */;
			productType = "com.apple.product-type.bundle.unit-test";
		};
/* End PBXNativeTarget section */

/* Begin PBXProject section */
		F555A0E21D2B3F300037A25F /* Project object */ = {
			isa = PBXProject;
			attributes = {
				CLASSPREFIX = kernel1994;
				LastUpgradeCheck = 0510;
				ORGANIZATIONNAME = kernel1994;
				TargetAttributes = {
					F555A1041D2B3F300037A25F = {
						TestTargetID = F555A0E91D2B3F300037A25F;
					};
				};
			};
			buildConfigurationList = F555A0E51D2B3F300037A25F /* Build configuration list for PBXProject "Day4-0" */;
			compatibilityVersion = "Xcode 3.2";
			developmentRegion = English;
			hasScannedForEncodings = 0;
			knownRegions = (
				en,
			);
			mainGroup = F555A0E11D2B3F300037A25F;
			productRefGroup = F555A0EB1D2B3F300037A25F /* Products */;
			projectDirPath = "";
			projectRoot = "";
			targets = (
				F555A0E91D2B3F300037A25F /* Day4-0 */,
				F555A1041D2B3F300037A25F /* Day4-0Tests */,
			);
		};
/* End PBXProject section */

/* Begin PBXResourcesBuildPhase section */
		F555A0E81D2B3F300037A25F /* Resources */ = {
			isa = PBXResourcesBuildPhase;
			buildActionMask = 2147483647;
			files = (
				F555A0F81D2B3F300037A25F /* InfoPlist.strings in Resources */,
				F555A1001D2B3F300037A25F /* Images.xcassets in Resources */,
			);
			runOnlyForDeploymentPostprocessing = 0;
		};
		F555A1031D2B3F300037A25F /* Resources */ = {
			isa = PBXResourcesBuildPhase;
			buildActionMask = 2147483647;
			files = (
				F555A1111D2B3F300037A25F /* InfoPlist.strings in Resources */,
			);
			runOnlyForDeploymentPostprocessing = 0;
		};
/* End PBXResourcesBuildPhase section */

/* Begin PBXSourcesBuildPhase section */
		F555A0E61D2B3F300037A25F /* Sources */ = {
			isa = PBXSourcesBuildPhase;
			buildActionMask = 2147483647;
			files = (
				F555A0FE1D2B3F300037A25F /* kernel1994AppDelegate.m in Sources */,
				F555A0FA1D2B3F300037A25F /* main.m in Sources */,
			);
			runOnlyForDeploymentPostprocessing = 0;
		};
		F555A1011D2B3F300037A25F /* Sources */ = {
			isa = PBXSourcesBuildPhase;
			buildActionMask = 2147483647;
			files = (
				F555A1131D2B3F300037A25F /* Day4_0Tests.m in Sources */,
			);
			runOnlyForDeploymentPostprocessing = 0;
		};
/* End PBXSourcesBuildPhase section */

/* Begin PBXTargetDependency section */
		F555A10B1D2B3F300037A25F /* PBXTargetDependency */ = {
			isa = PBXTargetDependency;
			target = F555A0E91D2B3F300037A25F /* Day4-0 */;
			targetProxy = F555A10A1D2B3F300037A25F /* PBXContainerItemProxy */;
		};
/* End PBXTargetDependency section */

/* Begin PBXVariantGroup section */
		F555A0F61D2B3F300037A25F /* InfoPlist.strings */ = {
			isa = PBXVariantGroup;
			children = (
				F555A0F71D2B3F300037A25F /* en */,
			);
			name = InfoPlist.strings;
			sourceTree = "<group>";
		};
		F555A10F1D2B3F300037A25F /* InfoPlist.strings */ = {
			isa = PBXVariantGroup;
			children = (
				F555A1101D2B3F300037A25F /* en */,
			);
			name = InfoPlist.strings;
			sourceTree = "<group>";
		};
/* End PBXVariantGroup section */

/* Begin XCBuildConfiguration section */
		F555A1141D2B3F300037A25F /* Debug */ = {
			isa = XCBuildConfiguration;
			buildSettings = {
				ALWAYS_SEARCH_USER_PATHS = NO;
				CLANG_CXX_LANGUAGE_STANDARD = "gnu++0x";
				CLANG_CXX_LIBRARY = "libc++";
				CLANG_ENABLE_MODULES = YES;
				CLANG_ENABLE_OBJC_ARC = YES;
				CLANG_WARN_BOOL_CONVERSION = YES;
				CLANG_WARN_CONSTANT_CONVERSION = YES;
				CLANG_WARN_DIRECT_OBJC_ISA_USAGE = YES_ERROR;
				CLANG_WARN_EMPTY_BODY = YES;
				CLANG_WARN_ENUM_CONVERSION = YES;
				CLANG_WARN_INT_CONVERSION = YES;
				CLANG_WARN_OBJC_ROOT_CLASS = YES_ERROR;
				CLANG_WARN__DUPLICATE_METHOD_MATCH = YES;
				"CODE_SIGN_IDENTITY[sdk=iphoneos*]" = "iPhone Developer";
				COPY_PHASE_STRIP = NO;
				GCC_C_LANGUAGE_STANDARD = gnu99;
				GCC_DYNAMIC_NO_PIC = NO;
				GCC_OPTIMIZATION_LEVEL = 0;
				GCC_PREPROCESSOR_DEFINITIONS = (
					"DEBUG=1",
					"$(inherited)",
				);
				GCC_SYMBOLS_PRIVATE_EXTERN = NO;
				GCC_WARN_64_TO_32_BIT_CONVERSION = YES;
				GCC_WARN_ABOUT_RETURN_TYPE = YES_ERROR;
				GCC_WARN_UNDECLARED_SELECTOR = YES;
				GCC_WARN_UNINITIALIZED_AUTOS = YES_AGGRESSIVE;
				GCC_WARN_UNUSED_FUNCTION = YES;
				GCC_WARN_UNUSED_VARIABLE = YES;
				IPHONEOS_DEPLOYMENT_TARGET = 7.1;
				ONLY_ACTIVE_ARCH = YES;
				SDKROOT = iphoneos;
			};
			name = Debug;
		};
		F555A1151D2B3F300037A25F /* Release */ = {
			isa = XCBuildConfiguration;
			buildSettings = {
				ALWAYS_SEARCH_USER_PATHS = NO;
				CLANG_CXX_LANGUAGE_STANDARD = "gnu++0x";
				CLANG_CXX_LIBRARY = "libc++";
				CLANG_ENABLE_MODULES = YES;
				CLANG_ENABLE_OBJC_ARC = YES;
				CLANG_WARN_BOOL_CONVERSION = YES;
				CLANG_WARN_CONSTANT_CONVERSION = YES;
				CLANG_WARN_DIRECT_OBJC_ISA_USAGE = YES_ERROR;
				CLANG_WARN_EMPTY_BODY = YES;
				CLANG_WARN_ENUM_CONVERSION = YES;
				CLANG_WARN_INT_CONVERSION = YES;
				CLANG_WARN_OBJC_ROOT_CLASS = YES_ERROR;
				CLANG_WARN__DUPLICATE_METHOD_MATCH = YES;
				"CODE_SIGN_IDENTITY[sdk=iphoneos*]" = "iPhone Developer";
				COPY_PHASE_STRIP = YES;
				ENABLE_NS_ASSERTIONS = NO;
				GCC_C_LANGUAGE_STANDARD = gnu99;
				GCC_WARN_64_TO_32_BIT_CONVERSION = YES;
				GCC_WARN_ABOUT_RETURN_TYPE = YES_ERROR;
				GCC_WARN_UNDECLARED_SELECTOR = YES;
				GCC_WARN_UNINITIALIZED_AUTOS = YES_AGGRESSIVE;
				GCC_WARN_UNUSED_FUNCTION = YES;
				GCC_WARN_UNUSED_VARIABLE = YES;
				IPHONEOS_DEPLOYMENT_TARGET = 7.1;
				SDKROOT = iphoneos;
				VALIDATE_PRODUCT = YES;
			};
			name = Release;
		};
		F555A1171D2B3F300037A25F /* Debug */ = {
			isa = XCBuildConfiguration;
			buildSettings = {
				ASSETCATALOG_COMPILER_APPICON_NAME = AppIcon;
				ASSETCATALOG_COMPILER_LAUNCHIMAGE_NAME = LaunchImage;
				GCC_PRECOMPILE_PREFIX_HEADER = YES;
				GCC_PREFIX_HEADER = "Day4-0/Day4-0-Prefix.pch";
				INFOPLIST_FILE = "Day4-0/Day4-0-Info.plist";
				PRODUCT_NAME = "$(TARGET_NAME)";
				WRAPPER_EXTENSION = app;
			};
			name = Debug;
		};
		F555A1181D2B3F300037A25F /* Release */ = {
			isa = XCBuildConfiguration;
			buildSettings = {
				ASSETCATALOG_COMPILER_APPICON_NAME = AppIcon;
				ASSETCATALOG_COMPILER_LAUNCHIMAGE_NAME = LaunchImage;
				GCC_PRECOMPILE_PREFIX_HEADER = YES;
				GCC_PREFIX_HEADER = "Day4-0/Day4-0-Prefix.pch";
				INFOPLIST_FILE = "Day4-0/Day4-0-Info.plist";
				PRODUCT_NAME = "$(TARGET_NAME)";
				WRAPPER_EXTENSION = app;
			};
			name = Release;
		};
		F555A11A1D2B3F300037A25F /* Debug */ = {
			isa = XCBuildConfiguration;
			buildSettings = {
				BUNDLE_LOADER = "$(BUILT_PRODUCTS_DIR)/Day4-0.app/Day4-0";
				FRAMEWORK_SEARCH_PATHS = (
					"$(SDKROOT)/Developer/Library/Frameworks",
					"$(inherited)",
					"$(DEVELOPER_FRAMEWORKS_DIR)",
				);
				GCC_PRECOMPILE_PREFIX_HEADER = YES;
				GCC_PREFIX_HEADER = "Day4-0/Day4-0-Prefix.pch";
				GCC_PREPROCESSOR_DEFINITIONS = (
					"DEBUG=1",
					"$(inherited)",
				);
				INFOPLIST_FILE = "Day4-0Tests/Day4-0Tests-Info.plist";
				PRODUCT_NAME = "$(TARGET_NAME)";
				TEST_HOST = "$(BUNDLE_LOADER)";
				WRAPPER_EXTENSION = xctest;
			};
			name = Debug;
		};
		F555A11B1D2B3F300037A25F /* Release */ = {
			isa = XCBuildConfiguration;
			buildSettings = {
				BUNDLE_LOADER = "$(BUILT_PRODUCTS_DIR)/Day4-0.app/Day4-0";
				FRAMEWORK_SEARCH_PATHS = (
					"$(SDKROOT)/Developer/Library/Frameworks",
					"$(inherited)",
					"$(DEVELOPER_FRAMEWORKS_DIR)",
				);
				GCC_PRECOMPILE_PREFIX_HEADER = YES;
				GCC_PREFIX_HEADER = "Day4-0/Day4-0-Prefix.pch";
				INFOPLIST_FILE = "Day4-0Tests/Day4-0Tests-Info.plist";
				PRODUCT_NAME = "$(TARGET_NAME)";
				TEST_HOST = "$(BUNDLE_LOADER)";
				WRAPPER_EXTENSION = xctest;
			};
			name = Release;
		};
/* End XCBuildConfiguration section */

/* Begin XCConfigurationList section */
		F555A0E51D2B3F300037A25F /* Build configuration list for PBXProject "Day4-0" */ = {
			isa = XCConfigurationList;
			buildConfigurations = (
				F555A1141D2B3F300037A25F /* Debug */,
				F555A1151D2B3F300037A25F /* Release */,
			);
			defaultConfigurationIsVisible = 0;
			defaultConfigurationName = Release;
		};
		F555A1161D2B3F300037A25F /* Build configuration list for PBXNativeTarget "Day4-0" */ = {
			isa = XCConfigurationList;
			buildConfigurations = (
				F555A1171D2B3F300037A25F /* Debug */,
				F555A1181D2B3F300037A25F /* Release */,
			);
			defaultConfigurationIsVisible = 0;
		};
		F555A1191D2B3F300037A25F /* Build configuration list for PBXNativeTarget "Day4-0Tests" */ = {
			isa = XCConfigurationList;
			buildConfigurations = (
				F555A11A1D2B3F300037A25F /* Debug */,
				F555A11B1D2B3F300037A25F /* Release */,
			);
			defaultConfigurationIsVisible = 0;
		};
/* End XCConfigurationList section */
	};
	rootObject = F555A0E21D2B3F300037A25F /* Project object */;
}
