// !$*UTF8*$!
{
	archiveVersion = 1;
	classes = {
	};
	objectVersion = 46;
	objects = {

/* Begin PBXBuildFile section */
		F55508E31D2F37C0000451A0 /* Foundation.framework in Frameworks */ = {isa = PBXBuildFile; fileRef = F55508E21D2F37C0000451A0 /* Foundation.framework */; };
		F55508E51D2F37C0000451A0 /* CoreGraphics.framework in Frameworks */ = {isa = PBXBuildFile; fileRef = F55508E41D2F37C0000451A0 /* CoreGraphics.framework */; };
		F55508E71D2F37C0000451A0 /* UIKit.framework in Frameworks */ = {isa = PBXBuildFile; fileRef = F55508E61D2F37C0000451A0 /* UIKit.framework */; };
		F55508ED1D2F37C0000451A0 /* InfoPlist.strings in Resources */ = {isa = PBXBuildFile; fileRef = F55508EB1D2F37C0000451A0 /* InfoPlist.strings */; };
		F55508EF1D2F37C0000451A0 /* main.m in Sources */ = {isa = PBXBuildFile; fileRef = F55508EE1D2F37C0000451A0 /* main.m */; };
		F55508F31D2F37C0000451A0 /* kernel1994AppDelegate.m in Sources */ = {isa = PBXBuildFile; fileRef = F55508F21D2F37C0000451A0 /* kernel1994AppDelegate.m */; };
		F55508F51D2F37C0000451A0 /* Images.xcassets in Resources */ = {isa = PBXBuildFile; fileRef = F55508F41D2F37C0000451A0 /* Images.xcassets */; };
		F55508FC1D2F37C0000451A0 /* XCTest.framework in Frameworks */ = {isa = PBXBuildFile; fileRef = F55508FB1D2F37C0000451A0 /* XCTest.framework */; };
		F55508FD1D2F37C0000451A0 /* Foundation.framework in Frameworks */ = {isa = PBXBuildFile; fileRef = F55508E21D2F37C0000451A0 /* Foundation.framework */; };
		F55508FE1D2F37C0000451A0 /* UIKit.framework in Frameworks */ = {isa = PBXBuildFile; fileRef = F55508E61D2F37C0000451A0 /* UIKit.framework */; };
		F55509061D2F37C0000451A0 /* InfoPlist.strings in Resources */ = {isa = PBXBuildFile; fileRef = F55509041D2F37C0000451A0 /* InfoPlist.strings */; };
		F55509081D2F37C0000451A0 /* Day7_0Tests.m in Sources */ = {isa = PBXBuildFile; fileRef = F55509071D2F37C0000451A0 /* Day7_0Tests.m */; };
/* End PBXBuildFile section */

/* Begin PBXContainerItemProxy section */
		F55508FF1D2F37C0000451A0 /* PBXContainerItemProxy */ = {
			isa = PBXContainerItemProxy;
			containerPortal = F55508D71D2F37BF000451A0 /* Project object */;
			proxyType = 1;
			remoteGlobalIDString = F55508DE1D2F37C0000451A0;
			remoteInfo = "Day7-0";
		};
/* End PBXContainerItemProxy section */

/* Begin PBXFileReference section */
		F55508DF1D2F37C0000451A0 /* Day7-0.app */ = {isa = PBXFileReference; explicitFileType = wrapper.application; includeInIndex = 0; path = "Day7-0.app"; sourceTree = BUILT_PRODUCTS_DIR; };
		F55508E21D2F37C0000451A0 /* Foundation.framework */ = {isa = PBXFileReference; lastKnownFileType = wrapper.framework; name = Foundation.framework; path = System/Library/Frameworks/Foundation.framework; sourceTree = SDKROOT; };
		F55508E41D2F37C0000451A0 /* CoreGraphics.framework */ = {isa = PBXFileReference; lastKnownFileType = wrapper.framework; name = CoreGraphics.framework; path = System/Library/Frameworks/CoreGraphics.framework; sourceTree = SDKROOT; };
		F55508E61D2F37C0000451A0 /* UIKit.framework */ = {isa = PBXFileReference; lastKnownFileType = wrapper.framework; name = UIKit.framework; path = System/Library/Frameworks/UIKit.framework; sourceTree = SDKROOT; };
		F55508EA1D2F37C0000451A0 /* Day7-0-Info.plist */ = {isa = PBXFileReference; lastKnownFileType = text.plist.xml; path = "Day7-0-Info.plist"; sourceTree = "<group>"; };
		F55508EC1D2F37C0000451A0 /* en */ = {isa = PBXFileReference; lastKnownFileType = text.plist.strings; name = en; path = en.lproj/InfoPlist.strings; sourceTree = "<group>"; };
		F55508EE1D2F37C0000451A0 /* main.m */ = {isa = PBXFileReference; lastKnownFileType = sourcecode.c.objc; path = main.m; sourceTree = "<group>"; };
		F55508F01D2F37C0000451A0 /* Day7-0-Prefix.pch */ = {isa = PBXFileReference; lastKnownFileType = sourcecode.c.h; path = "Day7-0-Prefix.pch"; sourceTree = "<group>"; };
		F55508F11D2F37C0000451A0 /* kernel1994AppDelegate.h */ = {isa = PBXFileReference; lastKnownFileType = sourcecode.c.h; path = kernel1994AppDelegate.h; sourceTree = "<group>"; };
		F55508F21D2F37C0000451A0 /* kernel1994AppDelegate.m */ = {isa = PBXFileReference; lastKnownFileType = sourcecode.c.objc; path = kernel1994AppDelegate.m; sourceTree = "<group>"; };
		F55508F41D2F37C0000451A0 /* Images.xcassets */ = {isa = PBXFileReference; lastKnownFileType = folder.assetcatalog; path = Images.xcassets; sourceTree = "<group>"; };
		F55508FA1D2F37C0000451A0 /* Day7-0Tests.xctest */ = {isa = PBXFileReference; explicitFileType = wrapper.cfbundle; includeInIndex = 0; path = "Day7-0Tests.xctest"; sourceTree = BUILT_PRODUCTS_DIR; };
		F55508FB1D2F37C0000451A0 /* XCTest.framework */ = {isa = PBXFileReference; lastKnownFileType = wrapper.framework; name = XCTest.framework; path = Library/Frameworks/XCTest.framework; sourceTree = DEVELOPER_DIR; };
		F55509031D2F37C0000451A0 /* Day7-0Tests-Info.plist */ = {isa = PBXFileReference; lastKnownFileType = text.plist.xml; path = "Day7-0Tests-Info.plist"; sourceTree = "<group>"; };
		F55509051D2F37C0000451A0 /* en */ = {isa = PBXFileReference; lastKnownFileType = text.plist.strings; name = en; path = en.lproj/InfoPlist.strings; sourceTree = "<group>"; };
		F55509071D2F37C0000451A0 /* Day7_0Tests.m */ = {isa = PBXFileReference; lastKnownFileType = sourcecode.c.objc; path = Day7_0Tests.m; sourceTree = "<group>"; };
/* End PBXFileReference section */

/* Begin PBXFrameworksBuildPhase section */
		F55508DC1D2F37C0000451A0 /* Frameworks */ = {
			isa = PBXFrameworksBuildPhase;
			buildActionMask = 2147483647;
			files = (
				F55508E51D2F37C0000451A0 /* CoreGraphics.framework in Frameworks */,
				F55508E71D2F37C0000451A0 /* UIKit.framework in Frameworks */,
				F55508E31D2F37C0000451A0 /* Foundation.framework in Frameworks */,
			);
			runOnlyForDeploymentPostprocessing = 0;
		};
		F55508F71D2F37C0000451A0 /* Frameworks */ = {
			isa = PBXFrameworksBuildPhase;
			buildActionMask = 2147483647;
			files = (
				F55508FC1D2F37C0000451A0 /* XCTest.framework in Frameworks */,
				F55508FE1D2F37C0000451A0 /* UIKit.framework in Frameworks */,
				F55508FD1D2F37C0000451A0 /* Foundation.framework in Frameworks */,
			);
			runOnlyForDeploymentPostprocessing = 0;
		};
/* End PBXFrameworksBuildPhase section */

/* Begin PBXGroup section */
		F55508D61D2F37BF000451A0 = {
			isa = PBXGroup;
			children = (
				F55508E81D2F37C0000451A0 /* Day7-0 */,
				F55509011D2F37C0000451A0 /* Day7-0Tests */,
				F55508E11D2F37C0000451A0 /* Frameworks */,
				F55508E01D2F37C0000451A0 /* Products */,
			);
			sourceTree = "<group>";
		};
		F55508E01D2F37C0000451A0 /* Products */ = {
			isa = PBXGroup;
			children = (
				F55508DF1D2F37C0000451A0 /* Day7-0.app */,
				F55508FA1D2F37C0000451A0 /* Day7-0Tests.xctest */,
			);
			name = Products;
			sourceTree = "<group>";
		};
		F55508E11D2F37C0000451A0 /* Frameworks */ = {
			isa = PBXGroup;
			children = (
				F55508E21D2F37C0000451A0 /* Foundation.framework */,
				F55508E41D2F37C0000451A0 /* CoreGraphics.framework */,
				F55508E61D2F37C0000451A0 /* UIKit.framework */,
				F55508FB1D2F37C0000451A0 /* XCTest.framework */,
			);
			name = Frameworks;
			sourceTree = "<group>";
		};
		F55508E81D2F37C0000451A0 /* Day7-0 */ = {
			isa = PBXGroup;
			children = (
				F55508F11D2F37C0000451A0 /* kernel1994AppDelegate.h */,
				F55508F21D2F37C0000451A0 /* kernel1994AppDelegate.m */,
				F55508F41D2F37C0000451A0 /* Images.xcassets */,
				F55508E91D2F37C0000451A0 /* Supporting Files */,
			);
			path = "Day7-0";
			sourceTree = "<group>";
		};
		F55508E91D2F37C0000451A0 /* Supporting Files */ = {
			isa = PBXGroup;
			children = (
				F55508EA1D2F37C0000451A0 /* Day7-0-Info.plist */,
				F55508EB1D2F37C0000451A0 /* InfoPlist.strings */,
				F55508EE1D2F37C0000451A0 /* main.m */,
				F55508F01D2F37C0000451A0 /* Day7-0-Prefix.pch */,
			);
			name = "Supporting Files";
			sourceTree = "<group>";
		};
		F55509011D2F37C0000451A0 /* Day7-0Tests */ = {
			isa = PBXGroup;
			children = (
				F55509071D2F37C0000451A0 /* Day7_0Tests.m */,
				F55509021D2F37C0000451A0 /* Supporting Files */,
			);
			path = "Day7-0Tests";
			sourceTree = "<group>";
		};
		F55509021D2F37C0000451A0 /* Supporting Files */ = {
			isa = PBXGroup;
			children = (
				F55509031D2F37C0000451A0 /* Day7-0Tests-Info.plist */,
				F55509041D2F37C0000451A0 /* InfoPlist.strings */,
			);
			name = "Supporting Files";
			sourceTree = "<group>";
		};
/* End PBXGroup section */

/* Begin PBXNativeTarget section */
		F55508DE1D2F37C0000451A0 /* Day7-0 */ = {
			isa = PBXNativeTarget;
			buildConfigurationList = F555090B1D2F37C0000451A0 /* Build configuration list for PBXNativeTarget "Day7-0" */;
			buildPhases = (
				F55508DB1D2F37C0000451A0 /* Sources */,
				F55508DC1D2F37C0000451A0 /* Frameworks */,
				F55508DD1D2F37C0000451A0 /* Resources */,
			);
			buildRules = (
			);
			dependencies = (
			);
			name = "Day7-0";
			productName = "Day7-0";
			productReference = F55508DF1D2F37C0000451A0 /* Day7-0.app */;
			productType = "com.apple.product-type.application";
		};
		F55508F91D2F37C0000451A0 /* Day7-0Tests */ = {
			isa = PBXNativeTarget;
			buildConfigurationList = F555090E1D2F37C0000451A0 /* Build configuration list for PBXNativeTarget "Day7-0Tests" */;
			buildPhases = (
				F55508F61D2F37C0000451A0 /* Sources */,
				F55508F71D2F37C0000451A0 /* Frameworks */,
				F55508F81D2F37C0000451A0 /* Resources */,
			);
			buildRules = (
			);
			dependencies = (
				F55509001D2F37C0000451A0 /* PBXTargetDependency */,
			);
			name = "Day7-0Tests";
			productName = "Day7-0Tests";
			productReference = F55508FA1D2F37C0000451A0 /* Day7-0Tests.xctest */;
			productType = "com.apple.product-type.bundle.unit-test";
		};
/* End PBXNativeTarget section */

/* Begin PBXProject section */
		F55508D71D2F37BF000451A0 /* Project object */ = {
			isa = PBXProject;
			attributes = {
				CLASSPREFIX = kernel1994;
				LastUpgradeCheck = 0510;
				ORGANIZATIONNAME = kernel1994;
				TargetAttributes = {
					F55508F91D2F37C0000451A0 = {
						TestTargetID = F55508DE1D2F37C0000451A0;
					};
				};
			};
			buildConfigurationList = F55508DA1D2F37BF000451A0 /* Build configuration list for PBXProject "Day7-0" */;
			compatibilityVersion = "Xcode 3.2";
			developmentRegion = English;
			hasScannedForEncodings = 0;
			knownRegions = (
				en,
			);
			mainGroup = F55508D61D2F37BF000451A0;
			productRefGroup = F55508E01D2F37C0000451A0 /* Products */;
			projectDirPath = "";
			projectRoot = "";
			targets = (
				F55508DE1D2F37C0000451A0 /* Day7-0 */,
				F55508F91D2F37C0000451A0 /* Day7-0Tests */,
			);
		};
/* End PBXProject section */

/* Begin PBXResourcesBuildPhase section */
		F55508DD1D2F37C0000451A0 /* Resources */ = {
			isa = PBXResourcesBuildPhase;
			buildActionMask = 2147483647;
			files = (
				F55508ED1D2F37C0000451A0 /* InfoPlist.strings in Resources */,
				F55508F51D2F37C0000451A0 /* Images.xcassets in Resources */,
			);
			runOnlyForDeploymentPostprocessing = 0;
		};
		F55508F81D2F37C0000451A0 /* Resources */ = {
			isa = PBXResourcesBuildPhase;
			buildActionMask = 2147483647;
			files = (
				F55509061D2F37C0000451A0 /* InfoPlist.strings in Resources */,
			);
			runOnlyForDeploymentPostprocessing = 0;
		};
/* End PBXResourcesBuildPhase section */

/* Begin PBXSourcesBuildPhase section */
		F55508DB1D2F37C0000451A0 /* Sources */ = {
			isa = PBXSourcesBuildPhase;
			buildActionMask = 2147483647;
			files = (
				F55508F31D2F37C0000451A0 /* kernel1994AppDelegate.m in Sources */,
				F55508EF1D2F37C0000451A0 /* main.m in Sources */,
			);
			runOnlyForDeploymentPostprocessing = 0;
		};
		F55508F61D2F37C0000451A0 /* Sources */ = {
			isa = PBXSourcesBuildPhase;
			buildActionMask = 2147483647;
			files = (
				F55509081D2F37C0000451A0 /* Day7_0Tests.m in Sources */,
			);
			runOnlyForDeploymentPostprocessing = 0;
		};
/* End PBXSourcesBuildPhase section */

/* Begin PBXTargetDependency section */
		F55509001D2F37C0000451A0 /* PBXTargetDependency */ = {
			isa = PBXTargetDependency;
			target = F55508DE1D2F37C0000451A0 /* Day7-0 */;
			targetProxy = F55508FF1D2F37C0000451A0 /* PBXContainerItemProxy */;
		};
/* End PBXTargetDependency section */

/* Begin PBXVariantGroup section */
		F55508EB1D2F37C0000451A0 /* InfoPlist.strings */ = {
			isa = PBXVariantGroup;
			children = (
				F55508EC1D2F37C0000451A0 /* en */,
			);
			name = InfoPlist.strings;
			sourceTree = "<group>";
		};
		F55509041D2F37C0000451A0 /* InfoPlist.strings */ = {
			isa = PBXVariantGroup;
			children = (
				F55509051D2F37C0000451A0 /* en */,
			);
			name = InfoPlist.strings;
			sourceTree = "<group>";
		};
/* End PBXVariantGroup section */

/* Begin XCBuildConfiguration section */
		F55509091D2F37C0000451A0 /* Debug */ = {
			isa = XCBuildConfiguration;
			buildSettings = {
				ALWAYS_SEARCH_USER_PATHS = NO;
				CLANG_CXX_LANGUAGE_STANDARD = "gnu++0x";
				CLANG_CXX_LIBRARY = "libc++";
				CLANG_ENABLE_MODULES = YES;
				CLANG_ENABLE_OBJC_ARC = YES;
				CLANG_WARN_BOOL_CONVERSION = YES;
				CLANG_WARN_CONSTANT_CONVERSION = YES;
				CLANG_WARN_DIRECT_OBJC_ISA_USAGE = YES_ERROR;
				CLANG_WARN_EMPTY_BODY = YES;
				CLANG_WARN_ENUM_CONVERSION = YES;
				CLANG_WARN_INT_CONVERSION = YES;
				CLANG_WARN_OBJC_ROOT_CLASS = YES_ERROR;
				CLANG_WARN__DUPLICATE_METHOD_MATCH = YES;
				"CODE_SIGN_IDENTITY[sdk=iphoneos*]" = "iPhone Developer";
				COPY_PHASE_STRIP = NO;
				GCC_C_LANGUAGE_STANDARD = gnu99;
				GCC_DYNAMIC_NO_PIC = NO;
				GCC_OPTIMIZATION_LEVEL = 0;
				GCC_PREPROCESSOR_DEFINITIONS = (
					"DEBUG=1",
					"$(inherited)",
				);
				GCC_SYMBOLS_PRIVATE_EXTERN = NO;
				GCC_WARN_64_TO_32_BIT_CONVERSION = YES;
				GCC_WARN_ABOUT_RETURN_TYPE = YES_ERROR;
				GCC_WARN_UNDECLARED_SELECTOR = YES;
				GCC_WARN_UNINITIALIZED_AUTOS = YES_AGGRESSIVE;
				GCC_WARN_UNUSED_FUNCTION = YES;
				GCC_WARN_UNUSED_VARIABLE = YES;
				IPHONEOS_DEPLOYMENT_TARGET = 7.1;
				ONLY_ACTIVE_ARCH = YES;
				SDKROOT = iphoneos;
			};
			name = Debug;
		};
		F555090A1D2F37C0000451A0 /* Release */ = {
			isa = XCBuildConfiguration;
			buildSettings = {
				ALWAYS_SEARCH_USER_PATHS = NO;
				CLANG_CXX_LANGUAGE_STANDARD = "gnu++0x";
				CLANG_CXX_LIBRARY = "libc++";
				CLANG_ENABLE_MODULES = YES;
				CLANG_ENABLE_OBJC_ARC = YES;
				CLANG_WARN_BOOL_CONVERSION = YES;
				CLANG_WARN_CONSTANT_CONVERSION = YES;
				CLANG_WARN_DIRECT_OBJC_ISA_USAGE = YES_ERROR;
				CLANG_WARN_EMPTY_BODY = YES;
				CLANG_WARN_ENUM_CONVERSION = YES;
				CLANG_WARN_INT_CONVERSION = YES;
				CLANG_WARN_OBJC_ROOT_CLASS = YES_ERROR;
				CLANG_WARN__DUPLICATE_METHOD_MATCH = YES;
				"CODE_SIGN_IDENTITY[sdk=iphoneos*]" = "iPhone Developer";
				COPY_PHASE_STRIP = YES;
				ENABLE_NS_ASSERTIONS = NO;
				GCC_C_LANGUAGE_STANDARD = gnu99;
				GCC_WARN_64_TO_32_BIT_CONVERSION = YES;
				GCC_WARN_ABOUT_RETURN_TYPE = YES_ERROR;
				GCC_WARN_UNDECLARED_SELECTOR = YES;
				GCC_WARN_UNINITIALIZED_AUTOS = YES_AGGRESSIVE;
				GCC_WARN_UNUSED_FUNCTION = YES;
				GCC_WARN_UNUSED_VARIABLE = YES;
				IPHONEOS_DEPLOYMENT_TARGET = 7.1;
				SDKROOT = iphoneos;
				VALIDATE_PRODUCT = YES;
			};
			name = Release;
		};
		F555090C1D2F37C0000451A0 /* Debug */ = {
			isa = XCBuildConfiguration;
			buildSettings = {
				ASSETCATALOG_COMPILER_APPICON_NAME = AppIcon;
				ASSETCATALOG_COMPILER_LAUNCHIMAGE_NAME = LaunchImage;
				GCC_PRECOMPILE_PREFIX_HEADER = YES;
				GCC_PREFIX_HEADER = "Day7-0/Day7-0-Prefix.pch";
				INFOPLIST_FILE = "Day7-0/Day7-0-Info.plist";
				PRODUCT_NAME = "$(TARGET_NAME)";
				WRAPPER_EXTENSION = app;
			};
			name = Debug;
		};
		F555090D1D2F37C0000451A0 /* Release */ = {
			isa = XCBuildConfiguration;
			buildSettings = {
				ASSETCATALOG_COMPILER_APPICON_NAME = AppIcon;
				ASSETCATALOG_COMPILER_LAUNCHIMAGE_NAME = LaunchImage;
				GCC_PRECOMPILE_PREFIX_HEADER = YES;
				GCC_PREFIX_HEADER = "Day7-0/Day7-0-Prefix.pch";
				INFOPLIST_FILE = "Day7-0/Day7-0-Info.plist";
				PRODUCT_NAME = "$(TARGET_NAME)";
				WRAPPER_EXTENSION = app;
			};
			name = Release;
		};
		F555090F1D2F37C0000451A0 /* Debug */ = {
			isa = XCBuildConfiguration;
			buildSettings = {
				BUNDLE_LOADER = "$(BUILT_PRODUCTS_DIR)/Day7-0.app/Day7-0";
				FRAMEWORK_SEARCH_PATHS = (
					"$(SDKROOT)/Developer/Library/Frameworks",
					"$(inherited)",
					"$(DEVELOPER_FRAMEWORKS_DIR)",
				);
				GCC_PRECOMPILE_PREFIX_HEADER = YES;
				GCC_PREFIX_HEADER = "Day7-0/Day7-0-Prefix.pch";
				GCC_PREPROCESSOR_DEFINITIONS = (
					"DEBUG=1",
					"$(inherited)",
				);
				INFOPLIST_FILE = "Day7-0Tests/Day7-0Tests-Info.plist";
				PRODUCT_NAME = "$(TARGET_NAME)";
				TEST_HOST = "$(BUNDLE_LOADER)";
				WRAPPER_EXTENSION = xctest;
			};
			name = Debug;
		};
		F55509101D2F37C0000451A0 /* Release */ = {
			isa = XCBuildConfiguration;
			buildSettings = {
				BUNDLE_LOADER = "$(BUILT_PRODUCTS_DIR)/Day7-0.app/Day7-0";
				FRAMEWORK_SEARCH_PATHS = (
					"$(SDKROOT)/Developer/Library/Frameworks",
					"$(inherited)",
					"$(DEVELOPER_FRAMEWORKS_DIR)",
				);
				GCC_PRECOMPILE_PREFIX_HEADER = YES;
				GCC_PREFIX_HEADER = "Day7-0/Day7-0-Prefix.pch";
				INFOPLIST_FILE = "Day7-0Tests/Day7-0Tests-Info.plist";
				PRODUCT_NAME = "$(TARGET_NAME)";
				TEST_HOST = "$(BUNDLE_LOADER)";
				WRAPPER_EXTENSION = xctest;
			};
			name = Release;
		};
/* End XCBuildConfiguration section */

/* Begin XCConfigurationList section */
		F55508DA1D2F37BF000451A0 /* Build configuration list for PBXProject "Day7-0" */ = {
			isa = XCConfigurationList;
			buildConfigurations = (
				F55509091D2F37C0000451A0 /* Debug */,
				F555090A1D2F37C0000451A0 /* Release */,
			);
			defaultConfigurationIsVisible = 0;
			defaultConfigurationName = Release;
		};
		F555090B1D2F37C0000451A0 /* Build configuration list for PBXNativeTarget "Day7-0" */ = {
			isa = XCConfigurationList;
			buildConfigurations = (
				F555090C1D2F37C0000451A0 /* Debug */,
				F555090D1D2F37C0000451A0 /* Release */,
			);
			defaultConfigurationIsVisible = 0;
		};
		F555090E1D2F37C0000451A0 /* Build configuration list for PBXNativeTarget "Day7-0Tests" */ = {
			isa = XCConfigurationList;
			buildConfigurations = (
				F555090F1D2F37C0000451A0 /* Debug */,
				F55509101D2F37C0000451A0 /* Release */,
			);
			defaultConfigurationIsVisible = 0;
		};
/* End XCConfigurationList section */
	};
	rootObject = F55508D71D2F37BF000451A0 /* Project object */;
}
